// !$*UTF8*$!
{
	archiveVersion = 1;
	classes = {
	};
	objectVersion = 50;
	objects = {

/* Begin PBXBuildFile section */
		4739519924488787006662B0 /* AppDelegate.swift in Sources */ = {isa = PBXBuildFile; fileRef = 4739519824488787006662B0 /* AppDelegate.swift */; };
		4739519B24488787006662B0 /* ContentView.swift in Sources */ = {isa = PBXBuildFile; fileRef = 4739519A24488787006662B0 /* ContentView.swift */; };
		4739519D24488788006662B0 /* Assets.xcassets in Resources */ = {isa = PBXBuildFile; fileRef = 4739519C24488788006662B0 /* Assets.xcassets */; };
		473951A024488788006662B0 /* Preview Assets.xcassets in Resources */ = {isa = PBXBuildFile; fileRef = 4739519F24488788006662B0 /* Preview Assets.xcassets */; };
		473951A324488788006662B0 /* Main.storyboard in Resources */ = {isa = PBXBuildFile; fileRef = 473951A124488788006662B0 /* Main.storyboard */; };
		473951AF24488788006662B0 /* BatteryAlertorTests.swift in Sources */ = {isa = PBXBuildFile; fileRef = 473951AE24488788006662B0 /* BatteryAlertorTests.swift */; };
		473951BA24488788006662B0 /* BatteryAlertorUITests.swift in Sources */ = {isa = PBXBuildFile; fileRef = 473951B924488788006662B0 /* BatteryAlertorUITests.swift */; };
		473951C8244888D1006662B0 /* LocalDeviceController.swift in Sources */ = {isa = PBXBuildFile; fileRef = 473951C7244888D1006662B0 /* LocalDeviceController.swift */; };
		473951CA24488F4D006662B0 /* StudySwift.swift in Sources */ = {isa = PBXBuildFile; fileRef = 473951C924488F4D006662B0 /* StudySwift.swift */; };
		474BAF422455E6E900A77470 /* BluetoothDeviceController.swift in Sources */ = {isa = PBXBuildFile; fileRef = 474BAF412455E6E900A77470 /* BluetoothDeviceController.swift */; };
/* End PBXBuildFile section */

/* Begin PBXContainerItemProxy section */
		473951AB24488788006662B0 /* PBXContainerItemProxy */ = {
			isa = PBXContainerItemProxy;
			containerPortal = 4739518D24488787006662B0 /* Project object */;
			proxyType = 1;
			remoteGlobalIDString = 4739519424488787006662B0;
			remoteInfo = BatteryAlertor;
		};
		473951B624488788006662B0 /* PBXContainerItemProxy */ = {
			isa = PBXContainerItemProxy;
			containerPortal = 4739518D24488787006662B0 /* Project object */;
			proxyType = 1;
			remoteGlobalIDString = 4739519424488787006662B0;
			remoteInfo = BatteryAlertor;
		};
/* End PBXContainerItemProxy section */

/* Begin PBXFileReference section */
		4739519524488787006662B0 /* Battery Alertor.app */ = {isa = PBXFileReference; explicitFileType = wrapper.application; includeInIndex = 0; path = "Battery Alertor.app"; sourceTree = BUILT_PRODUCTS_DIR; };
		4739519824488787006662B0 /* AppDelegate.swift */ = {isa = PBXFileReference; lastKnownFileType = sourcecode.swift; path = AppDelegate.swift; sourceTree = "<group>"; };
		4739519A24488787006662B0 /* ContentView.swift */ = {isa = PBXFileReference; lastKnownFileType = sourcecode.swift; path = ContentView.swift; sourceTree = "<group>"; };
		4739519C24488788006662B0 /* Assets.xcassets */ = {isa = PBXFileReference; lastKnownFileType = folder.assetcatalog; path = Assets.xcassets; sourceTree = "<group>"; };
		4739519F24488788006662B0 /* Preview Assets.xcassets */ = {isa = PBXFileReference; lastKnownFileType = folder.assetcatalog; path = "Preview Assets.xcassets"; sourceTree = "<group>"; };
		473951A224488788006662B0 /* Base */ = {isa = PBXFileReference; lastKnownFileType = file.storyboard; name = Base; path = Base.lproj/Main.storyboard; sourceTree = "<group>"; };
		473951A424488788006662B0 /* Info.plist */ = {isa = PBXFileReference; lastKnownFileType = text.plist.xml; path = Info.plist; sourceTree = "<group>"; };
		473951A524488788006662B0 /* BatteryAlertor.entitlements */ = {isa = PBXFileReference; lastKnownFileType = text.plist.entitlements; path = BatteryAlertor.entitlements; sourceTree = "<group>"; };
		473951AA24488788006662B0 /* BatteryAlertorTests.xctest */ = {isa = PBXFileReference; explicitFileType = wrapper.cfbundle; includeInIndex = 0; path = BatteryAlertorTests.xctest; sourceTree = BUILT_PRODUCTS_DIR; };
		473951AE24488788006662B0 /* BatteryAlertorTests.swift */ = {isa = PBXFileReference; lastKnownFileType = sourcecode.swift; path = BatteryAlertorTests.swift; sourceTree = "<group>"; };
		473951B024488788006662B0 /* Info.plist */ = {isa = PBXFileReference; lastKnownFileType = text.plist.xml; path = Info.plist; sourceTree = "<group>"; };
		473951B524488788006662B0 /* BatteryAlertorUITests.xctest */ = {isa = PBXFileReference; explicitFileType = wrapper.cfbundle; includeInIndex = 0; path = BatteryAlertorUITests.xctest; sourceTree = BUILT_PRODUCTS_DIR; };
		473951B924488788006662B0 /* BatteryAlertorUITests.swift */ = {isa = PBXFileReference; lastKnownFileType = sourcecode.swift; path = BatteryAlertorUITests.swift; sourceTree = "<group>"; };
		473951BB24488788006662B0 /* Info.plist */ = {isa = PBXFileReference; lastKnownFileType = text.plist.xml; path = Info.plist; sourceTree = "<group>"; };
		473951C7244888D1006662B0 /* LocalDeviceController.swift */ = {isa = PBXFileReference; lastKnownFileType = sourcecode.swift; path = LocalDeviceController.swift; sourceTree = "<group>"; };
		473951C924488F4D006662B0 /* StudySwift.swift */ = {isa = PBXFileReference; lastKnownFileType = sourcecode.swift; path = StudySwift.swift; sourceTree = "<group>"; };
		474BAF412455E6E900A77470 /* BluetoothDeviceController.swift */ = {isa = PBXFileReference; lastKnownFileType = sourcecode.swift; path = BluetoothDeviceController.swift; sourceTree = "<group>"; };
/* End PBXFileReference section */

/* Begin PBXFrameworksBuildPhase section */
		4739519224488787006662B0 /* Frameworks */ = {
			isa = PBXFrameworksBuildPhase;
			buildActionMask = 2147483647;
			files = (
			);
			runOnlyForDeploymentPostprocessing = 0;
		};
		473951A724488788006662B0 /* Frameworks */ = {
			isa = PBXFrameworksBuildPhase;
			buildActionMask = 2147483647;
			files = (
			);
			runOnlyForDeploymentPostprocessing = 0;
		};
		473951B224488788006662B0 /* Frameworks */ = {
			isa = PBXFrameworksBuildPhase;
			buildActionMask = 2147483647;
			files = (
			);
			runOnlyForDeploymentPostprocessing = 0;
		};
/* End PBXFrameworksBuildPhase section */

/* Begin PBXGroup section */
		4739518C24488787006662B0 = {
			isa = PBXGroup;
			children = (
				4739519724488787006662B0 /* BatteryAlertor */,
				473951AD24488788006662B0 /* BatteryAlertorTests */,
				473951B824488788006662B0 /* BatteryAlertorUITests */,
				4739519624488787006662B0 /* Products */,
			);
			sourceTree = "<group>";
		};
		4739519624488787006662B0 /* Products */ = {
			isa = PBXGroup;
			children = (
				4739519524488787006662B0 /* Battery Alertor.app */,
				473951AA24488788006662B0 /* BatteryAlertorTests.xctest */,
				473951B524488788006662B0 /* BatteryAlertorUITests.xctest */,
			);
			name = Products;
			sourceTree = "<group>";
		};
		4739519724488787006662B0 /* BatteryAlertor */ = {
			isa = PBXGroup;
			children = (
				4739519824488787006662B0 /* AppDelegate.swift */,
				4739519A24488787006662B0 /* ContentView.swift */,
				473951C924488F4D006662B0 /* StudySwift.swift */,
				473951C7244888D1006662B0 /* LocalDeviceController.swift */,
				474BAF412455E6E900A77470 /* BluetoothDeviceController.swift */,
				4739519C24488788006662B0 /* Assets.xcassets */,
				473951A124488788006662B0 /* Main.storyboard */,
				473951A424488788006662B0 /* Info.plist */,
				473951A524488788006662B0 /* BatteryAlertor.entitlements */,
				4739519E24488788006662B0 /* Preview Content */,
			);
			path = BatteryAlertor;
			sourceTree = "<group>";
		};
		4739519E24488788006662B0 /* Preview Content */ = {
			isa = PBXGroup;
			children = (
				4739519F24488788006662B0 /* Preview Assets.xcassets */,
			);
			path = "Preview Content";
			sourceTree = "<group>";
		};
		473951AD24488788006662B0 /* BatteryAlertorTests */ = {
			isa = PBXGroup;
			children = (
				473951AE24488788006662B0 /* BatteryAlertorTests.swift */,
				473951B024488788006662B0 /* Info.plist */,
			);
			path = BatteryAlertorTests;
			sourceTree = "<group>";
		};
		473951B824488788006662B0 /* BatteryAlertorUITests */ = {
			isa = PBXGroup;
			children = (
				473951B924488788006662B0 /* BatteryAlertorUITests.swift */,
				473951BB24488788006662B0 /* Info.plist */,
			);
			path = BatteryAlertorUITests;
			sourceTree = "<group>";
		};
/* End PBXGroup section */

/* Begin PBXNativeTarget section */
		4739519424488787006662B0 /* BatteryAlertor */ = {
			isa = PBXNativeTarget;
			buildConfigurationList = 473951BE24488788006662B0 /* Build configuration list for PBXNativeTarget "BatteryAlertor" */;
			buildPhases = (
				4739519124488787006662B0 /* Sources */,
				4739519224488787006662B0 /* Frameworks */,
				4739519324488787006662B0 /* Resources */,
			);
			buildRules = (
			);
			dependencies = (
			);
			name = BatteryAlertor;
			productName = BatteryAlertor;
			productReference = 4739519524488787006662B0 /* Battery Alertor.app */;
			productType = "com.apple.product-type.application";
		};
		473951A924488788006662B0 /* BatteryAlertorTests */ = {
			isa = PBXNativeTarget;
			buildConfigurationList = 473951C124488788006662B0 /* Build configuration list for PBXNativeTarget "BatteryAlertorTests" */;
			buildPhases = (
				473951A624488788006662B0 /* Sources */,
				473951A724488788006662B0 /* Frameworks */,
				473951A824488788006662B0 /* Resources */,
			);
			buildRules = (
			);
			dependencies = (
				473951AC24488788006662B0 /* PBXTargetDependency */,
			);
			name = BatteryAlertorTests;
			productName = BatteryAlertorTests;
			productReference = 473951AA24488788006662B0 /* BatteryAlertorTests.xctest */;
			productType = "com.apple.product-type.bundle.unit-test";
		};
		473951B424488788006662B0 /* BatteryAlertorUITests */ = {
			isa = PBXNativeTarget;
			buildConfigurationList = 473951C424488788006662B0 /* Build configuration list for PBXNativeTarget "BatteryAlertorUITests" */;
			buildPhases = (
				473951B124488788006662B0 /* Sources */,
				473951B224488788006662B0 /* Frameworks */,
				473951B324488788006662B0 /* Resources */,
			);
			buildRules = (
			);
			dependencies = (
				473951B724488788006662B0 /* PBXTargetDependency */,
			);
			name = BatteryAlertorUITests;
			productName = BatteryAlertorUITests;
			productReference = 473951B524488788006662B0 /* BatteryAlertorUITests.xctest */;
			productType = "com.apple.product-type.bundle.ui-testing";
		};
/* End PBXNativeTarget section */

/* Begin PBXProject section */
		4739518D24488787006662B0 /* Project object */ = {
			isa = PBXProject;
			attributes = {
				LastSwiftUpdateCheck = 1140;
				LastUpgradeCheck = 1140;
				ORGANIZATIONNAME = Chil;
				TargetAttributes = {
					4739519424488787006662B0 = {
						CreatedOnToolsVersion = 11.4;
					};
					473951A924488788006662B0 = {
						CreatedOnToolsVersion = 11.4;
						TestTargetID = 4739519424488787006662B0;
					};
					473951B424488788006662B0 = {
						CreatedOnToolsVersion = 11.4;
						TestTargetID = 4739519424488787006662B0;
					};
				};
			};
			buildConfigurationList = 4739519024488787006662B0 /* Build configuration list for PBXProject "BatteryAlertor" */;
			compatibilityVersion = "Xcode 9.3";
			developmentRegion = en;
			hasScannedForEncodings = 0;
			knownRegions = (
				en,
				Base,
			);
			mainGroup = 4739518C24488787006662B0;
			productRefGroup = 4739519624488787006662B0 /* Products */;
			projectDirPath = "";
			projectRoot = "";
			targets = (
				4739519424488787006662B0 /* BatteryAlertor */,
				473951A924488788006662B0 /* BatteryAlertorTests */,
				473951B424488788006662B0 /* BatteryAlertorUITests */,
			);
		};
/* End PBXProject section */

/* Begin PBXResourcesBuildPhase section */
		4739519324488787006662B0 /* Resources */ = {
			isa = PBXResourcesBuildPhase;
			buildActionMask = 2147483647;
			files = (
				473951A324488788006662B0 /* Main.storyboard in Resources */,
				473951A024488788006662B0 /* Preview Assets.xcassets in Resources */,
				4739519D24488788006662B0 /* Assets.xcassets in Resources */,
			);
			runOnlyForDeploymentPostprocessing = 0;
		};
		473951A824488788006662B0 /* Resources */ = {
			isa = PBXResourcesBuildPhase;
			buildActionMask = 2147483647;
			files = (
			);
			runOnlyForDeploymentPostprocessing = 0;
		};
		473951B324488788006662B0 /* Resources */ = {
			isa = PBXResourcesBuildPhase;
			buildActionMask = 2147483647;
			files = (
			);
			runOnlyForDeploymentPostprocessing = 0;
		};
/* End PBXResourcesBuildPhase section */

/* Begin PBXSourcesBuildPhase section */
		4739519124488787006662B0 /* Sources */ = {
			isa = PBXSourcesBuildPhase;
			buildActionMask = 2147483647;
			files = (
				4739519B24488787006662B0 /* ContentView.swift in Sources */,
				473951CA24488F4D006662B0 /* StudySwift.swift in Sources */,
				4739519924488787006662B0 /* AppDelegate.swift in Sources */,
				474BAF422455E6E900A77470 /* BluetoothDeviceController.swift in Sources */,
				473951C8244888D1006662B0 /* LocalDeviceController.swift in Sources */,
			);
			runOnlyForDeploymentPostprocessing = 0;
		};
		473951A624488788006662B0 /* Sources */ = {
			isa = PBXSourcesBuildPhase;
			buildActionMask = 2147483647;
			files = (
				473951AF24488788006662B0 /* BatteryAlertorTests.swift in Sources */,
			);
			runOnlyForDeploymentPostprocessing = 0;
		};
		473951B124488788006662B0 /* Sources */ = {
			isa = PBXSourcesBuildPhase;
			buildActionMask = 2147483647;
			files = (
				473951BA24488788006662B0 /* BatteryAlertorUITests.swift in Sources */,
			);
			runOnlyForDeploymentPostprocessing = 0;
		};
/* End PBXSourcesBuildPhase section */

/* Begin PBXTargetDependency section */
		473951AC24488788006662B0 /* PBXTargetDependency */ = {
			isa = PBXTargetDependency;
			target = 4739519424488787006662B0 /* BatteryAlertor */;
			targetProxy = 473951AB24488788006662B0 /* PBXContainerItemProxy */;
		};
		473951B724488788006662B0 /* PBXTargetDependency */ = {
			isa = PBXTargetDependency;
			target = 4739519424488787006662B0 /* BatteryAlertor */;
			targetProxy = 473951B624488788006662B0 /* PBXContainerItemProxy */;
		};
/* End PBXTargetDependency section */

/* Begin PBXVariantGroup section */
		473951A124488788006662B0 /* Main.storyboard */ = {
			isa = PBXVariantGroup;
			children = (
				473951A224488788006662B0 /* Base */,
			);
			name = Main.storyboard;
			sourceTree = "<group>";
		};
/* End PBXVariantGroup section */

/* Begin XCBuildConfiguration section */
		473951BC24488788006662B0 /* Debug */ = {
			isa = XCBuildConfiguration;
			buildSettings = {
				ALWAYS_SEARCH_USER_PATHS = NO;
				CLANG_ANALYZER_NONNULL = YES;
				CLANG_ANALYZER_NUMBER_OBJECT_CONVERSION = YES_AGGRESSIVE;
				CLANG_CXX_LANGUAGE_STANDARD = "gnu++14";
				CLANG_CXX_LIBRARY = "libc++";
				CLANG_ENABLE_MODULES = YES;
				CLANG_ENABLE_OBJC_ARC = YES;
				CLANG_ENABLE_OBJC_WEAK = YES;
				CLANG_WARN_BLOCK_CAPTURE_AUTORELEASING = YES;
				CLANG_WARN_BOOL_CONVERSION = YES;
				CLANG_WARN_COMMA = YES;
				CLANG_WARN_CONSTANT_CONVERSION = YES;
				CLANG_WARN_DEPRECATED_OBJC_IMPLEMENTATIONS = YES;
				CLANG_WARN_DIRECT_OBJC_ISA_USAGE = YES_ERROR;
				CLANG_WARN_DOCUMENTATION_COMMENTS = YES;
				CLANG_WARN_EMPTY_BODY = YES;
				CLANG_WARN_ENUM_CONVERSION = YES;
				CLANG_WARN_INFINITE_RECURSION = YES;
				CLANG_WARN_INT_CONVERSION = YES;
				CLANG_WARN_NON_LITERAL_NULL_CONVERSION = YES;
				CLANG_WARN_OBJC_IMPLICIT_RETAIN_SELF = YES;
				CLANG_WARN_OBJC_LITERAL_CONVERSION = YES;
				CLANG_WARN_OBJC_ROOT_CLASS = YES_ERROR;
				CLANG_WARN_RANGE_LOOP_ANALYSIS = YES;
				CLANG_WARN_STRICT_PROTOTYPES = YES;
				CLANG_WARN_SUSPICIOUS_MOVE = YES;
				CLANG_WARN_UNGUARDED_AVAILABILITY = YES_AGGRESSIVE;
				CLANG_WARN_UNREACHABLE_CODE = YES;
				CLANG_WARN__DUPLICATE_METHOD_MATCH = YES;
				COPY_PHASE_STRIP = NO;
				DEBUG_INFORMATION_FORMAT = dwarf;
				ENABLE_STRICT_OBJC_MSGSEND = YES;
				ENABLE_TESTABILITY = YES;
				GCC_C_LANGUAGE_STANDARD = gnu11;
				GCC_DYNAMIC_NO_PIC = NO;
				GCC_NO_COMMON_BLOCKS = YES;
				GCC_OPTIMIZATION_LEVEL = 0;
				GCC_PREPROCESSOR_DEFINITIONS = (
					"DEBUG=1",
					"$(inherited)",
				);
				GCC_WARN_64_TO_32_BIT_CONVERSION = YES;
				GCC_WARN_ABOUT_RETURN_TYPE = YES_ERROR;
				GCC_WARN_UNDECLARED_SELECTOR = YES;
				GCC_WARN_UNINITIALIZED_AUTOS = YES_AGGRESSIVE;
				GCC_WARN_UNUSED_FUNCTION = YES;
				GCC_WARN_UNUSED_VARIABLE = YES;
				MACOSX_DEPLOYMENT_TARGET = 10.15;
				MTL_ENABLE_DEBUG_INFO = INCLUDE_SOURCE;
				MTL_FAST_MATH = YES;
				ONLY_ACTIVE_ARCH = YES;
				SDKROOT = macosx;
				SWIFT_ACTIVE_COMPILATION_CONDITIONS = DEBUG;
				SWIFT_OPTIMIZATION_LEVEL = "-Onone";
			};
			name = Debug;
		};
		473951BD24488788006662B0 /* Release */ = {
			isa = XCBuildConfiguration;
			buildSettings = {
				ALWAYS_SEARCH_USER_PATHS = NO;
				CLANG_ANALYZER_NONNULL = YES;
				CLANG_ANALYZER_NUMBER_OBJECT_CONVERSION = YES_AGGRESSIVE;
				CLANG_CXX_LANGUAGE_STANDARD = "gnu++14";
				CLANG_CXX_LIBRARY = "libc++";
				CLANG_ENABLE_MODULES = YES;
				CLANG_ENABLE_OBJC_ARC = YES;
				CLANG_ENABLE_OBJC_WEAK = YES;
				CLANG_WARN_BLOCK_CAPTURE_AUTORELEASING = YES;
				CLANG_WARN_BOOL_CONVERSION = YES;
				CLANG_WARN_COMMA = YES;
				CLANG_WARN_CONSTANT_CONVERSION = YES;
				CLANG_WARN_DEPRECATED_OBJC_IMPLEMENTATIONS = YES;
				CLANG_WARN_DIRECT_OBJC_ISA_USAGE = YES_ERROR;
				CLANG_WARN_DOCUMENTATION_COMMENTS = YES;
				CLANG_WARN_EMPTY_BODY = YES;
				CLANG_WARN_ENUM_CONVERSION = YES;
				CLANG_WARN_INFINITE_RECURSION = YES;
				CLANG_WARN_INT_CONVERSION = YES;
				CLANG_WARN_NON_LITERAL_NULL_CONVERSION = YES;
				CLANG_WARN_OBJC_IMPLICIT_RETAIN_SELF = YES;
				CLANG_WARN_OBJC_LITERAL_CONVERSION = YES;
				CLANG_WARN_OBJC_ROOT_CLASS = YES_ERROR;
				CLANG_WARN_RANGE_LOOP_ANALYSIS = YES;
				CLANG_WARN_STRICT_PROTOTYPES = YES;
				CLANG_WARN_SUSPICIOUS_MOVE = YES;
				CLANG_WARN_UNGUARDED_AVAILABILITY = YES_AGGRESSIVE;
				CLANG_WARN_UNREACHABLE_CODE = YES;
				CLANG_WARN__DUPLICATE_METHOD_MATCH = YES;
				COPY_PHASE_STRIP = NO;
				DEBUG_INFORMATION_FORMAT = "dwarf-with-dsym";
				ENABLE_NS_ASSERTIONS = NO;
				ENABLE_STRICT_OBJC_MSGSEND = YES;
				GCC_C_LANGUAGE_STANDARD = gnu11;
				GCC_NO_COMMON_BLOCKS = YES;
				GCC_WARN_64_TO_32_BIT_CONVERSION = YES;
				GCC_WARN_ABOUT_RETURN_TYPE = YES_ERROR;
				GCC_WARN_UNDECLARED_SELECTOR = YES;
				GCC_WARN_UNINITIALIZED_AUTOS = YES_AGGRESSIVE;
				GCC_WARN_UNUSED_FUNCTION = YES;
				GCC_WARN_UNUSED_VARIABLE = YES;
				MACOSX_DEPLOYMENT_TARGET = 10.15;
				MTL_ENABLE_DEBUG_INFO = NO;
				MTL_FAST_MATH = YES;
				SDKROOT = macosx;
				SWIFT_COMPILATION_MODE = wholemodule;
				SWIFT_OPTIMIZATION_LEVEL = "-O";
			};
			name = Release;
		};
		473951BF24488788006662B0 /* Debug */ = {
			isa = XCBuildConfiguration;
			buildSettings = {
				ASSETCATALOG_COMPILER_APPICON_NAME = AppIcon;
				CODE_SIGN_ENTITLEMENTS = BatteryAlertor/BatteryAlertor.entitlements;
				CODE_SIGN_STYLE = Automatic;
				COMBINE_HIDPI_IMAGES = YES;
				DEVELOPMENT_ASSET_PATHS = "\"BatteryAlertor/Preview Content\"";
				ENABLE_PREVIEWS = YES;
				INFOPLIST_FILE = BatteryAlertor/Info.plist;
				LD_RUNPATH_SEARCH_PATHS = (
					"$(inherited)",
					"@executable_path/../Frameworks",
				);
				MACOSX_DEPLOYMENT_TARGET = 10.15;
				PRODUCT_BUNDLE_IDENTIFIER = DingChil.BatteryAlertor;
				PRODUCT_NAME = "Battery Alertor";
				SWIFT_VERSION = 5.0;
			};
			name = Debug;
		};
		473951C024488788006662B0 /* Release */ = {
			isa = XCBuildConfiguration;
			buildSettings = {
				ASSETCATALOG_COMPILER_APPICON_NAME = AppIcon;
				CODE_SIGN_ENTITLEMENTS = BatteryAlertor/BatteryAlertor.entitlements;
				CODE_SIGN_STYLE = Automatic;
				COMBINE_HIDPI_IMAGES = YES;
				DEVELOPMENT_ASSET_PATHS = "\"BatteryAlertor/Preview Content\"";
				ENABLE_PREVIEWS = YES;
				INFOPLIST_FILE = BatteryAlertor/Info.plist;
				LD_RUNPATH_SEARCH_PATHS = (
					"$(inherited)",
					"@executable_path/../Frameworks",
				);
				MACOSX_DEPLOYMENT_TARGET = 10.15;
				PRODUCT_BUNDLE_IDENTIFIER = DingChil.BatteryAlertor;
				PRODUCT_NAME = "Battery Alertor";
				SWIFT_VERSION = 5.0;
			};
			name = Release;
		};
		473951C224488788006662B0 /* Debug */ = {
			isa = XCBuildConfiguration;
			buildSettings = {
				ALWAYS_EMBED_SWIFT_STANDARD_LIBRARIES = YES;
				BUNDLE_LOADER = "$(TEST_HOST)";
				CODE_SIGN_STYLE = Automatic;
				COMBINE_HIDPI_IMAGES = YES;
				INFOPLIST_FILE = BatteryAlertorTests/Info.plist;
				LD_RUNPATH_SEARCH_PATHS = (
					"$(inherited)",
					"@executable_path/../Frameworks",
					"@loader_path/../Frameworks",
				);
				MACOSX_DEPLOYMENT_TARGET = 10.15;
				PRODUCT_BUNDLE_IDENTIFIER = DingChil.BatteryAlertorTests;
				PRODUCT_NAME = "$(TARGET_NAME)";
				SWIFT_VERSION = 5.0;
				TEST_HOST = "$(BUILT_PRODUCTS_DIR)/BatteryAlertor.app/Contents/MacOS/BatteryAlertor";
			};
			name = Debug;
		};
		473951C324488788006662B0 /* Release */ = {
			isa = XCBuildConfiguration;
			buildSettings = {
				ALWAYS_EMBED_SWIFT_STANDARD_LIBRARIES = YES;
				BUNDLE_LOADER = "$(TEST_HOST)";
				CODE_SIGN_STYLE = Automatic;
				COMBINE_HIDPI_IMAGES = YES;
				INFOPLIST_FILE = BatteryAlertorTests/Info.plist;
				LD_RUNPATH_SEARCH_PATHS = (
					"$(inherited)",
					"@executable_path/../Frameworks",
					"@loader_path/../Frameworks",
				);
				MACOSX_DEPLOYMENT_TARGET = 10.15;
				PRODUCT_BUNDLE_IDENTIFIER = DingChil.BatteryAlertorTests;
				PRODUCT_NAME = "$(TARGET_NAME)";
				SWIFT_VERSION = 5.0;
				TEST_HOST = "$(BUILT_PRODUCTS_DIR)/BatteryAlertor.app/Contents/MacOS/BatteryAlertor";
			};
			name = Release;
		};
		473951C524488788006662B0 /* Debug */ = {
			isa = XCBuildConfiguration;
			buildSettings = {
				ALWAYS_EMBED_SWIFT_STANDARD_LIBRARIES = YES;
				CODE_SIGN_STYLE = Automatic;
				COMBINE_HIDPI_IMAGES = YES;
				INFOPLIST_FILE = BatteryAlertorUITests/Info.plist;
				LD_RUNPATH_SEARCH_PATHS = (
					"$(inherited)",
					"@executable_path/../Frameworks",
					"@loader_path/../Frameworks",
				);
				PRODUCT_BUNDLE_IDENTIFIER = DingChil.BatteryAlertorUITests;
				PRODUCT_NAME = "$(TARGET_NAME)";
				SWIFT_VERSION = 5.0;
				TEST_TARGET_NAME = BatteryAlertor;
			};
			name = Debug;
		};
		473951C624488788006662B0 /* Release */ = {
			isa = XCBuildConfiguration;
			buildSettings = {
				ALWAYS_EMBED_SWIFT_STANDARD_LIBRARIES = YES;
				CODE_SIGN_STYLE = Automatic;
				COMBINE_HIDPI_IMAGES = YES;
				INFOPLIST_FILE = BatteryAlertorUITests/Info.plist;
				LD_RUNPATH_SEARCH_PATHS = (
					"$(inherited)",
					"@executable_path/../Frameworks",
					"@loader_path/../Frameworks",
				);
				PRODUCT_BUNDLE_IDENTIFIER = DingChil.BatteryAlertorUITests;
				PRODUCT_NAME = "$(TARGET_NAME)";
				SWIFT_VERSION = 5.0;
				TEST_TARGET_NAME = BatteryAlertor;
			};
			name = Release;
		};
/* End XCBuildConfiguration section */

/* Begin XCConfigurationList section */
		4739519024488787006662B0 /* Build configuration list for PBXProject "BatteryAlertor" */ = {
			isa = XCConfigurationList;
			buildConfigurations = (
				473951BC24488788006662B0 /* Debug */,
				473951BD24488788006662B0 /* Release */,
			);
			defaultConfigurationIsVisible = 0;
			defaultConfigurationName = Release;
		};
		473951BE24488788006662B0 /* Build configuration list for PBXNativeTarget "BatteryAlertor" */ = {
			isa = XCConfigurationList;
			buildConfigurations = (
				473951BF24488788006662B0 /* Debug */,
				473951C024488788006662B0 /* Release */,
			);
			defaultConfigurationIsVisible = 0;
			defaultConfigurationName = Release;
		};
		473951C124488788006662B0 /* Build configuration list for PBXNativeTarget "BatteryAlertorTests" */ = {
			isa = XCConfigurationList;
			buildConfigurations = (
				473951C224488788006662B0 /* Debug */,
				473951C324488788006662B0 /* Release */,
			);
			defaultConfigurationIsVisible = 0;
			defaultConfigurationName = Release;
		};
		473951C424488788006662B0 /* Build configuration list for PBXNativeTarget "BatteryAlertorUITests" */ = {
			isa = XCConfigurationList;
			buildConfigurations = (
				473951C524488788006662B0 /* Debug */,
				473951C624488788006662B0 /* Release */,
			);
			defaultConfigurationIsVisible = 0;
			defaultConfigurationName = Release;
		};
/* End XCConfigurationList section */
	};
	rootObject = 4739518D24488787006662B0 /* Project object */;
}
