// !$*UTF8*$!
{
	archiveVersion = 1;
	classes = {
	};
	objectVersion = 50;
	objects = {

/* Begin PBXBuildFile section */
		47D4F22124487B3500986BA7 /* AppDelegate.swift in Sources */ = {isa = PBXBuildFile; fileRef = 47D4F22024487B3500986BA7 /* AppDelegate.swift */; };
		47D4F22324487B3500986BA7 /* ViewController.swift in Sources */ = {isa = PBXBuildFile; fileRef = 47D4F22224487B3500986BA7 /* ViewController.swift */; };
		47D4F22524487B3700986BA7 /* Assets.xcassets in Resources */ = {isa = PBXBuildFile; fileRef = 47D4F22424487B3700986BA7 /* Assets.xcassets */; };
		47D4F22824487B3700986BA7 /* Main.storyboard in Resources */ = {isa = PBXBuildFile; fileRef = 47D4F22624487B3700986BA7 /* Main.storyboard */; };
		47D4F23424487B3800986BA7 /* BatteryAlertorTests.swift in Sources */ = {isa = PBXBuildFile; fileRef = 47D4F23324487B3800986BA7 /* BatteryAlertorTests.swift */; };
		47D4F23F24487B3800986BA7 /* BatteryAlertorUITests.swift in Sources */ = {isa = PBXBuildFile; fileRef = 47D4F23E24487B3800986BA7 /* BatteryAlertorUITests.swift */; };
/* End PBXBuildFile section */

/* Begin PBXContainerItemProxy section */
		47D4F23024487B3800986BA7 /* PBXContainerItemProxy */ = {
			isa = PBXContainerItemProxy;
			containerPortal = 47D4F21524487B3500986BA7 /* Project object */;
			proxyType = 1;
			remoteGlobalIDString = 47D4F21C24487B3500986BA7;
			remoteInfo = BatteryAlertor;
		};
		47D4F23B24487B3800986BA7 /* PBXContainerItemProxy */ = {
			isa = PBXContainerItemProxy;
			containerPortal = 47D4F21524487B3500986BA7 /* Project object */;
			proxyType = 1;
			remoteGlobalIDString = 47D4F21C24487B3500986BA7;
			remoteInfo = BatteryAlertor;
		};
/* End PBXContainerItemProxy section */

/* Begin PBXFileReference section */
		47D4F21D24487B3500986BA7 /* Battery Alertor.app */ = {isa = PBXFileReference; explicitFileType = wrapper.application; includeInIndex = 0; path = "Battery Alertor.app"; sourceTree = BUILT_PRODUCTS_DIR; };
		47D4F22024487B3500986BA7 /* AppDelegate.swift */ = {isa = PBXFileReference; lastKnownFileType = sourcecode.swift; path = AppDelegate.swift; sourceTree = "<group>"; };
		47D4F22224487B3500986BA7 /* ViewController.swift */ = {isa = PBXFileReference; lastKnownFileType = sourcecode.swift; path = ViewController.swift; sourceTree = "<group>"; };
		47D4F22424487B3700986BA7 /* Assets.xcassets */ = {isa = PBXFileReference; lastKnownFileType = folder.assetcatalog; path = Assets.xcassets; sourceTree = "<group>"; };
		47D4F22724487B3700986BA7 /* Base */ = {isa = PBXFileReference; lastKnownFileType = file.storyboard; name = Base; path = Base.lproj/Main.storyboard; sourceTree = "<group>"; };
		47D4F22924487B3700986BA7 /* Info.plist */ = {isa = PBXFileReference; lastKnownFileType = text.plist.xml; path = Info.plist; sourceTree = "<group>"; };
		47D4F22A24487B3700986BA7 /* BatteryAlertor.entitlements */ = {isa = PBXFileReference; lastKnownFileType = text.plist.entitlements; path = BatteryAlertor.entitlements; sourceTree = "<group>"; };
		47D4F22F24487B3800986BA7 /* BatteryAlertorTests.xctest */ = {isa = PBXFileReference; explicitFileType = wrapper.cfbundle; includeInIndex = 0; path = BatteryAlertorTests.xctest; sourceTree = BUILT_PRODUCTS_DIR; };
		47D4F23324487B3800986BA7 /* BatteryAlertorTests.swift */ = {isa = PBXFileReference; lastKnownFileType = sourcecode.swift; path = BatteryAlertorTests.swift; sourceTree = "<group>"; };
		47D4F23524487B3800986BA7 /* Info.plist */ = {isa = PBXFileReference; lastKnownFileType = text.plist.xml; path = Info.plist; sourceTree = "<group>"; };
		47D4F23A24487B3800986BA7 /* BatteryAlertorUITests.xctest */ = {isa = PBXFileReference; explicitFileType = wrapper.cfbundle; includeInIndex = 0; path = BatteryAlertorUITests.xctest; sourceTree = BUILT_PRODUCTS_DIR; };
		47D4F23E24487B3800986BA7 /* BatteryAlertorUITests.swift */ = {isa = PBXFileReference; lastKnownFileType = sourcecode.swift; path = BatteryAlertorUITests.swift; sourceTree = "<group>"; };
		47D4F24024487B3800986BA7 /* Info.plist */ = {isa = PBXFileReference; lastKnownFileType = text.plist.xml; path = Info.plist; sourceTree = "<group>"; };
/* End PBXFileReference section */

/* Begin PBXFrameworksBuildPhase section */
		47D4F21A24487B3500986BA7 /* Frameworks */ = {
			isa = PBXFrameworksBuildPhase;
			buildActionMask = 2147483647;
			files = (
			);
			runOnlyForDeploymentPostprocessing = 0;
		};
		47D4F22C24487B3800986BA7 /* Frameworks */ = {
			isa = PBXFrameworksBuildPhase;
			buildActionMask = 2147483647;
			files = (
			);
			runOnlyForDeploymentPostprocessing = 0;
		};
		47D4F23724487B3800986BA7 /* Frameworks */ = {
			isa = PBXFrameworksBuildPhase;
			buildActionMask = 2147483647;
			files = (
			);
			runOnlyForDeploymentPostprocessing = 0;
		};
/* End PBXFrameworksBuildPhase section */

/* Begin PBXGroup section */
		47D4F21424487B3500986BA7 = {
			isa = PBXGroup;
			children = (
				47D4F21F24487B3500986BA7 /* BatteryAlertor */,
				47D4F23224487B3800986BA7 /* BatteryAlertorTests */,
				47D4F23D24487B3800986BA7 /* BatteryAlertorUITests */,
				47D4F21E24487B3500986BA7 /* Products */,
			);
			sourceTree = "<group>";
		};
		47D4F21E24487B3500986BA7 /* Products */ = {
			isa = PBXGroup;
			children = (
				47D4F21D24487B3500986BA7 /* Battery Alertor.app */,
				47D4F22F24487B3800986BA7 /* BatteryAlertorTests.xctest */,
				47D4F23A24487B3800986BA7 /* BatteryAlertorUITests.xctest */,
			);
			name = Products;
			sourceTree = "<group>";
		};
		47D4F21F24487B3500986BA7 /* BatteryAlertor */ = {
			isa = PBXGroup;
			children = (
				47D4F22024487B3500986BA7 /* AppDelegate.swift */,
				47D4F22224487B3500986BA7 /* ViewController.swift */,
				47D4F22424487B3700986BA7 /* Assets.xcassets */,
				47D4F22624487B3700986BA7 /* Main.storyboard */,
				47D4F22924487B3700986BA7 /* Info.plist */,
				47D4F22A24487B3700986BA7 /* BatteryAlertor.entitlements */,
			);
			path = BatteryAlertor;
			sourceTree = "<group>";
		};
		47D4F23224487B3800986BA7 /* BatteryAlertorTests */ = {
			isa = PBXGroup;
			children = (
				47D4F23324487B3800986BA7 /* BatteryAlertorTests.swift */,
				47D4F23524487B3800986BA7 /* Info.plist */,
			);
			path = BatteryAlertorTests;
			sourceTree = "<group>";
		};
		47D4F23D24487B3800986BA7 /* BatteryAlertorUITests */ = {
			isa = PBXGroup;
			children = (
				47D4F23E24487B3800986BA7 /* BatteryAlertorUITests.swift */,
				47D4F24024487B3800986BA7 /* Info.plist */,
			);
			path = BatteryAlertorUITests;
			sourceTree = "<group>";
		};
/* End PBXGroup section */

/* Begin PBXNativeTarget section */
		47D4F21C24487B3500986BA7 /* BatteryAlertor */ = {
			isa = PBXNativeTarget;
			buildConfigurationList = 47D4F24324487B3800986BA7 /* Build configuration list for PBXNativeTarget "BatteryAlertor" */;
			buildPhases = (
				47D4F21924487B3500986BA7 /* Sources */,
				47D4F21A24487B3500986BA7 /* Frameworks */,
				47D4F21B24487B3500986BA7 /* Resources */,
			);
			buildRules = (
			);
			dependencies = (
			);
			name = BatteryAlertor;
			productName = BatteryAlertor;
			productReference = 47D4F21D24487B3500986BA7 /* Battery Alertor.app */;
			productType = "com.apple.product-type.application";
		};
		47D4F22E24487B3800986BA7 /* BatteryAlertorTests */ = {
			isa = PBXNativeTarget;
			buildConfigurationList = 47D4F24624487B3800986BA7 /* Build configuration list for PBXNativeTarget "BatteryAlertorTests" */;
			buildPhases = (
				47D4F22B24487B3800986BA7 /* Sources */,
				47D4F22C24487B3800986BA7 /* Frameworks */,
				47D4F22D24487B3800986BA7 /* Resources */,
			);
			buildRules = (
			);
			dependencies = (
				47D4F23124487B3800986BA7 /* PBXTargetDependency */,
			);
			name = BatteryAlertorTests;
			productName = BatteryAlertorTests;
			productReference = 47D4F22F24487B3800986BA7 /* BatteryAlertorTests.xctest */;
			productType = "com.apple.product-type.bundle.unit-test";
		};
		47D4F23924487B3800986BA7 /* BatteryAlertorUITests */ = {
			isa = PBXNativeTarget;
			buildConfigurationList = 47D4F24924487B3800986BA7 /* Build configuration list for PBXNativeTarget "BatteryAlertorUITests" */;
			buildPhases = (
				47D4F23624487B3800986BA7 /* Sources */,
				47D4F23724487B3800986BA7 /* Frameworks */,
				47D4F23824487B3800986BA7 /* Resources */,
			);
			buildRules = (
			);
			dependencies = (
				47D4F23C24487B3800986BA7 /* PBXTargetDependency */,
			);
			name = BatteryAlertorUITests;
			productName = BatteryAlertorUITests;
			productReference = 47D4F23A24487B3800986BA7 /* BatteryAlertorUITests.xctest */;
			productType = "com.apple.product-type.bundle.ui-testing";
		};
/* End PBXNativeTarget section */

/* Begin PBXProject section */
		47D4F21524487B3500986BA7 /* Project object */ = {
			isa = PBXProject;
			attributes = {
				LastSwiftUpdateCheck = 1140;
				LastUpgradeCheck = 1140;
				ORGANIZATIONNAME = Chil;
				TargetAttributes = {
					47D4F21C24487B3500986BA7 = {
						CreatedOnToolsVersion = 11.4;
					};
					47D4F22E24487B3800986BA7 = {
						CreatedOnToolsVersion = 11.4;
						TestTargetID = 47D4F21C24487B3500986BA7;
					};
					47D4F23924487B3800986BA7 = {
						CreatedOnToolsVersion = 11.4;
						TestTargetID = 47D4F21C24487B3500986BA7;
					};
				};
			};
			buildConfigurationList = 47D4F21824487B3500986BA7 /* Build configuration list for PBXProject "BatteryAlertor" */;
			compatibilityVersion = "Xcode 9.3";
			developmentRegion = en;
			hasScannedForEncodings = 0;
			knownRegions = (
				en,
				Base,
			);
			mainGroup = 47D4F21424487B3500986BA7;
			productRefGroup = 47D4F21E24487B3500986BA7 /* Products */;
			projectDirPath = "";
			projectRoot = "";
			targets = (
				47D4F21C24487B3500986BA7 /* BatteryAlertor */,
				47D4F22E24487B3800986BA7 /* BatteryAlertorTests */,
				47D4F23924487B3800986BA7 /* BatteryAlertorUITests */,
			);
		};
/* End PBXProject section */

/* Begin PBXResourcesBuildPhase section */
		47D4F21B24487B3500986BA7 /* Resources */ = {
			isa = PBXResourcesBuildPhase;
			buildActionMask = 2147483647;
			files = (
				47D4F22524487B3700986BA7 /* Assets.xcassets in Resources */,
				47D4F22824487B3700986BA7 /* Main.storyboard in Resources */,
			);
			runOnlyForDeploymentPostprocessing = 0;
		};
		47D4F22D24487B3800986BA7 /* Resources */ = {
			isa = PBXResourcesBuildPhase;
			buildActionMask = 2147483647;
			files = (
			);
			runOnlyForDeploymentPostprocessing = 0;
		};
		47D4F23824487B3800986BA7 /* Resources */ = {
			isa = PBXResourcesBuildPhase;
			buildActionMask = 2147483647;
			files = (
			);
			runOnlyForDeploymentPostprocessing = 0;
		};
/* End PBXResourcesBuildPhase section */

/* Begin PBXSourcesBuildPhase section */
		47D4F21924487B3500986BA7 /* Sources */ = {
			isa = PBXSourcesBuildPhase;
			buildActionMask = 2147483647;
			files = (
				47D4F22324487B3500986BA7 /* ViewController.swift in Sources */,
				47D4F22124487B3500986BA7 /* AppDelegate.swift in Sources */,
			);
			runOnlyForDeploymentPostprocessing = 0;
		};
		47D4F22B24487B3800986BA7 /* Sources */ = {
			isa = PBXSourcesBuildPhase;
			buildActionMask = 2147483647;
			files = (
				47D4F23424487B3800986BA7 /* BatteryAlertorTests.swift in Sources */,
			);
			runOnlyForDeploymentPostprocessing = 0;
		};
		47D4F23624487B3800986BA7 /* Sources */ = {
			isa = PBXSourcesBuildPhase;
			buildActionMask = 2147483647;
			files = (
				47D4F23F24487B3800986BA7 /* BatteryAlertorUITests.swift in Sources */,
			);
			runOnlyForDeploymentPostprocessing = 0;
		};
/* End PBXSourcesBuildPhase section */

/* Begin PBXTargetDependency section */
		47D4F23124487B3800986BA7 /* PBXTargetDependency */ = {
			isa = PBXTargetDependency;
			target = 47D4F21C24487B3500986BA7 /* BatteryAlertor */;
			targetProxy = 47D4F23024487B3800986BA7 /* PBXContainerItemProxy */;
		};
		47D4F23C24487B3800986BA7 /* PBXTargetDependency */ = {
			isa = PBXTargetDependency;
			target = 47D4F21C24487B3500986BA7 /* BatteryAlertor */;
			targetProxy = 47D4F23B24487B3800986BA7 /* PBXContainerItemProxy */;
		};
/* End PBXTargetDependency section */

/* Begin PBXVariantGroup section */
		47D4F22624487B3700986BA7 /* Main.storyboard */ = {
			isa = PBXVariantGroup;
			children = (
				47D4F22724487B3700986BA7 /* Base */,
			);
			name = Main.storyboard;
			sourceTree = "<group>";
		};
/* End PBXVariantGroup section */

/* Begin XCBuildConfiguration section */
		47D4F24124487B3800986BA7 /* Debug */ = {
			isa = XCBuildConfiguration;
			buildSettings = {
				ALWAYS_SEARCH_USER_PATHS = NO;
				CLANG_ANALYZER_NONNULL = YES;
				CLANG_ANALYZER_NUMBER_OBJECT_CONVERSION = YES_AGGRESSIVE;
				CLANG_CXX_LANGUAGE_STANDARD = "gnu++14";
				CLANG_CXX_LIBRARY = "libc++";
				CLANG_ENABLE_MODULES = YES;
				CLANG_ENABLE_OBJC_ARC = YES;
				CLANG_ENABLE_OBJC_WEAK = YES;
				CLANG_WARN_BLOCK_CAPTURE_AUTORELEASING = YES;
				CLANG_WARN_BOOL_CONVERSION = YES;
				CLANG_WARN_COMMA = YES;
				CLANG_WARN_CONSTANT_CONVERSION = YES;
				CLANG_WARN_DEPRECATED_OBJC_IMPLEMENTATIONS = YES;
				CLANG_WARN_DIRECT_OBJC_ISA_USAGE = YES_ERROR;
				CLANG_WARN_DOCUMENTATION_COMMENTS = YES;
				CLANG_WARN_EMPTY_BODY = YES;
				CLANG_WARN_ENUM_CONVERSION = YES;
				CLANG_WARN_INFINITE_RECURSION = YES;
				CLANG_WARN_INT_CONVERSION = YES;
				CLANG_WARN_NON_LITERAL_NULL_CONVERSION = YES;
				CLANG_WARN_OBJC_IMPLICIT_RETAIN_SELF = YES;
				CLANG_WARN_OBJC_LITERAL_CONVERSION = YES;
				CLANG_WARN_OBJC_ROOT_CLASS = YES_ERROR;
				CLANG_WARN_RANGE_LOOP_ANALYSIS = YES;
				CLANG_WARN_STRICT_PROTOTYPES = YES;
				CLANG_WARN_SUSPICIOUS_MOVE = YES;
				CLANG_WARN_UNGUARDED_AVAILABILITY = YES_AGGRESSIVE;
				CLANG_WARN_UNREACHABLE_CODE = YES;
				CLANG_WARN__DUPLICATE_METHOD_MATCH = YES;
				COPY_PHASE_STRIP = NO;
				DEBUG_INFORMATION_FORMAT = dwarf;
				ENABLE_STRICT_OBJC_MSGSEND = YES;
				ENABLE_TESTABILITY = YES;
				GCC_C_LANGUAGE_STANDARD = gnu11;
				GCC_DYNAMIC_NO_PIC = NO;
				GCC_NO_COMMON_BLOCKS = YES;
				GCC_OPTIMIZATION_LEVEL = 0;
				GCC_PREPROCESSOR_DEFINITIONS = (
					"DEBUG=1",
					"$(inherited)",
				);
				GCC_WARN_64_TO_32_BIT_CONVERSION = YES;
				GCC_WARN_ABOUT_RETURN_TYPE = YES_ERROR;
				GCC_WARN_UNDECLARED_SELECTOR = YES;
				GCC_WARN_UNINITIALIZED_AUTOS = YES_AGGRESSIVE;
				GCC_WARN_UNUSED_FUNCTION = YES;
				GCC_WARN_UNUSED_VARIABLE = YES;
				MACOSX_DEPLOYMENT_TARGET = 10.15;
				MTL_ENABLE_DEBUG_INFO = INCLUDE_SOURCE;
				MTL_FAST_MATH = YES;
				ONLY_ACTIVE_ARCH = YES;
				SDKROOT = macosx;
				SWIFT_ACTIVE_COMPILATION_CONDITIONS = DEBUG;
				SWIFT_OPTIMIZATION_LEVEL = "-Onone";
			};
			name = Debug;
		};
		47D4F24224487B3800986BA7 /* Release */ = {
			isa = XCBuildConfiguration;
			buildSettings = {
				ALWAYS_SEARCH_USER_PATHS = NO;
				CLANG_ANALYZER_NONNULL = YES;
				CLANG_ANALYZER_NUMBER_OBJECT_CONVERSION = YES_AGGRESSIVE;
				CLANG_CXX_LANGUAGE_STANDARD = "gnu++14";
				CLANG_CXX_LIBRARY = "libc++";
				CLANG_ENABLE_MODULES = YES;
				CLANG_ENABLE_OBJC_ARC = YES;
				CLANG_ENABLE_OBJC_WEAK = YES;
				CLANG_WARN_BLOCK_CAPTURE_AUTORELEASING = YES;
				CLANG_WARN_BOOL_CONVERSION = YES;
				CLANG_WARN_COMMA = YES;
				CLANG_WARN_CONSTANT_CONVERSION = YES;
				CLANG_WARN_DEPRECATED_OBJC_IMPLEMENTATIONS = YES;
				CLANG_WARN_DIRECT_OBJC_ISA_USAGE = YES_ERROR;
				CLANG_WARN_DOCUMENTATION_COMMENTS = YES;
				CLANG_WARN_EMPTY_BODY = YES;
				CLANG_WARN_ENUM_CONVERSION = YES;
				CLANG_WARN_INFINITE_RECURSION = YES;
				CLANG_WARN_INT_CONVERSION = YES;
				CLANG_WARN_NON_LITERAL_NULL_CONVERSION = YES;
				CLANG_WARN_OBJC_IMPLICIT_RETAIN_SELF = YES;
				CLANG_WARN_OBJC_LITERAL_CONVERSION = YES;
				CLANG_WARN_OBJC_ROOT_CLASS = YES_ERROR;
				CLANG_WARN_RANGE_LOOP_ANALYSIS = YES;
				CLANG_WARN_STRICT_PROTOTYPES = YES;
				CLANG_WARN_SUSPICIOUS_MOVE = YES;
				CLANG_WARN_UNGUARDED_AVAILABILITY = YES_AGGRESSIVE;
				CLANG_WARN_UNREACHABLE_CODE = YES;
				CLANG_WARN__DUPLICATE_METHOD_MATCH = YES;
				COPY_PHASE_STRIP = NO;
				DEBUG_INFORMATION_FORMAT = "dwarf-with-dsym";
				ENABLE_NS_ASSERTIONS = NO;
				ENABLE_STRICT_OBJC_MSGSEND = YES;
				GCC_C_LANGUAGE_STANDARD = gnu11;
				GCC_NO_COMMON_BLOCKS = YES;
				GCC_WARN_64_TO_32_BIT_CONVERSION = YES;
				GCC_WARN_ABOUT_RETURN_TYPE = YES_ERROR;
				GCC_WARN_UNDECLARED_SELECTOR = YES;
				GCC_WARN_UNINITIALIZED_AUTOS = YES_AGGRESSIVE;
				GCC_WARN_UNUSED_FUNCTION = YES;
				GCC_WARN_UNUSED_VARIABLE = YES;
				MACOSX_DEPLOYMENT_TARGET = 10.15;
				MTL_ENABLE_DEBUG_INFO = NO;
				MTL_FAST_MATH = YES;
				SDKROOT = macosx;
				SWIFT_COMPILATION_MODE = wholemodule;
				SWIFT_OPTIMIZATION_LEVEL = "-O";
			};
			name = Release;
		};
		47D4F24424487B3800986BA7 /* Debug */ = {
			isa = XCBuildConfiguration;
			buildSettings = {
				ASSETCATALOG_COMPILER_APPICON_NAME = AppIcon;
				CODE_SIGN_ENTITLEMENTS = BatteryAlertor/BatteryAlertor.entitlements;
				CODE_SIGN_STYLE = Automatic;
				COMBINE_HIDPI_IMAGES = YES;
				INFOPLIST_FILE = BatteryAlertor/Info.plist;
				LD_RUNPATH_SEARCH_PATHS = (
					"$(inherited)",
					"@executable_path/../Frameworks",
				);
				PRODUCT_BUNDLE_IDENTIFIER = DingChil.BatteryAlertor;
				PRODUCT_NAME = "Battery Alertor";
				SWIFT_VERSION = 5.0;
			};
			name = Debug;
		};
		47D4F24524487B3800986BA7 /* Release */ = {
			isa = XCBuildConfiguration;
			buildSettings = {
				ASSETCATALOG_COMPILER_APPICON_NAME = AppIcon;
				CODE_SIGN_ENTITLEMENTS = BatteryAlertor/BatteryAlertor.entitlements;
				CODE_SIGN_STYLE = Automatic;
				COMBINE_HIDPI_IMAGES = YES;
				INFOPLIST_FILE = BatteryAlertor/Info.plist;
				LD_RUNPATH_SEARCH_PATHS = (
					"$(inherited)",
					"@executable_path/../Frameworks",
				);
				PRODUCT_BUNDLE_IDENTIFIER = DingChil.BatteryAlertor;
				PRODUCT_NAME = "Battery Alertor";
				SWIFT_VERSION = 5.0;
			};
			name = Release;
		};
		47D4F24724487B3800986BA7 /* Debug */ = {
			isa = XCBuildConfiguration;
			buildSettings = {
				ALWAYS_EMBED_SWIFT_STANDARD_LIBRARIES = YES;
				BUNDLE_LOADER = "$(TEST_HOST)";
				CODE_SIGN_STYLE = Automatic;
				COMBINE_HIDPI_IMAGES = YES;
				INFOPLIST_FILE = BatteryAlertorTests/Info.plist;
				LD_RUNPATH_SEARCH_PATHS = (
					"$(inherited)",
					"@executable_path/../Frameworks",
					"@loader_path/../Frameworks",
				);
				MACOSX_DEPLOYMENT_TARGET = 10.15;
				PRODUCT_BUNDLE_IDENTIFIER = DingChil.BatteryAlertorTests;
				PRODUCT_NAME = "$(TARGET_NAME)";
				SWIFT_VERSION = 5.0;
				TEST_HOST = "$(BUILT_PRODUCTS_DIR)/BatteryAlertor.app/Contents/MacOS/BatteryAlertor";
			};
			name = Debug;
		};
		47D4F24824487B3800986BA7 /* Release */ = {
			isa = XCBuildConfiguration;
			buildSettings = {
				ALWAYS_EMBED_SWIFT_STANDARD_LIBRARIES = YES;
				BUNDLE_LOADER = "$(TEST_HOST)";
				CODE_SIGN_STYLE = Automatic;
				COMBINE_HIDPI_IMAGES = YES;
				INFOPLIST_FILE = BatteryAlertorTests/Info.plist;
				LD_RUNPATH_SEARCH_PATHS = (
					"$(inherited)",
					"@executable_path/../Frameworks",
					"@loader_path/../Frameworks",
				);
				MACOSX_DEPLOYMENT_TARGET = 10.15;
				PRODUCT_BUNDLE_IDENTIFIER = DingChil.BatteryAlertorTests;
				PRODUCT_NAME = "$(TARGET_NAME)";
				SWIFT_VERSION = 5.0;
				TEST_HOST = "$(BUILT_PRODUCTS_DIR)/BatteryAlertor.app/Contents/MacOS/BatteryAlertor";
			};
			name = Release;
		};
		47D4F24A24487B3800986BA7 /* Debug */ = {
			isa = XCBuildConfiguration;
			buildSettings = {
				ALWAYS_EMBED_SWIFT_STANDARD_LIBRARIES = YES;
				CODE_SIGN_STYLE = Automatic;
				COMBINE_HIDPI_IMAGES = YES;
				INFOPLIST_FILE = BatteryAlertorUITests/Info.plist;
				LD_RUNPATH_SEARCH_PATHS = (
					"$(inherited)",
					"@executable_path/../Frameworks",
					"@loader_path/../Frameworks",
				);
				PRODUCT_BUNDLE_IDENTIFIER = DingChil.BatteryAlertorUITests;
				PRODUCT_NAME = "$(TARGET_NAME)";
				SWIFT_VERSION = 5.0;
				TEST_TARGET_NAME = BatteryAlertor;
			};
			name = Debug;
		};
		47D4F24B24487B3800986BA7 /* Release */ = {
			isa = XCBuildConfiguration;
			buildSettings = {
				ALWAYS_EMBED_SWIFT_STANDARD_LIBRARIES = YES;
				CODE_SIGN_STYLE = Automatic;
				COMBINE_HIDPI_IMAGES = YES;
				INFOPLIST_FILE = BatteryAlertorUITests/Info.plist;
				LD_RUNPATH_SEARCH_PATHS = (
					"$(inherited)",
					"@executable_path/../Frameworks",
					"@loader_path/../Frameworks",
				);
				PRODUCT_BUNDLE_IDENTIFIER = DingChil.BatteryAlertorUITests;
				PRODUCT_NAME = "$(TARGET_NAME)";
				SWIFT_VERSION = 5.0;
				TEST_TARGET_NAME = BatteryAlertor;
			};
			name = Release;
		};
/* End XCBuildConfiguration section */

/* Begin XCConfigurationList section */
		47D4F21824487B3500986BA7 /* Build configuration list for PBXProject "BatteryAlertor" */ = {
			isa = XCConfigurationList;
			buildConfigurations = (
				47D4F24124487B3800986BA7 /* Debug */,
				47D4F24224487B3800986BA7 /* Release */,
			);
			defaultConfigurationIsVisible = 0;
			defaultConfigurationName = Release;
		};
		47D4F24324487B3800986BA7 /* Build configuration list for PBXNativeTarget "BatteryAlertor" */ = {
			isa = XCConfigurationList;
			buildConfigurations = (
				47D4F24424487B3800986BA7 /* Debug */,
				47D4F24524487B3800986BA7 /* Release */,
			);
			defaultConfigurationIsVisible = 0;
			defaultConfigurationName = Release;
		};
		47D4F24624487B3800986BA7 /* Build configuration list for PBXNativeTarget "BatteryAlertorTests" */ = {
			isa = XCConfigurationList;
			buildConfigurations = (
				47D4F24724487B3800986BA7 /* Debug */,
				47D4F24824487B3800986BA7 /* Release */,
			);
			defaultConfigurationIsVisible = 0;
			defaultConfigurationName = Release;
		};
		47D4F24924487B3800986BA7 /* Build configuration list for PBXNativeTarget "BatteryAlertorUITests" */ = {
			isa = XCConfigurationList;
			buildConfigurations = (
				47D4F24A24487B3800986BA7 /* Debug */,
				47D4F24B24487B3800986BA7 /* Release */,
			);
			defaultConfigurationIsVisible = 0;
			defaultConfigurationName = Release;
		};
/* End XCConfigurationList section */
	};
	rootObject = 47D4F21524487B3500986BA7 /* Project object */;
}
